{
  "version": 4,
  "terraform_version": "0.14.7",
  "serial": 9,
  "lineage": "4c018959-a717-285b-95cf-1ad3d8e48126",
  "outputs": {
    "webserver": {
      "value": "67.207.82.104",
      "type": "string"
    }
  },
  "resources": [
    {
      "mode": "managed",
      "type": "digitalocean_droplet",
      "name": "webserver",
      "provider": "provider[\"registry.terraform.io/terraform-providers/digitalocean\"]",
      "instances": [
        {
          "schema_version": 1,
          "attributes": {
            "backups": false,
            "created_at": "2021-02-22T19:36:14Z",
            "disk": 25,
            "id": "233191943",
            "image": "ubuntu-18-04-x64",
            "ipv4_address": "67.207.82.104",
            "ipv4_address_private": "10.136.47.12",
            "ipv6": false,
            "ipv6_address": "",
            "locked": false,
            "memory": 1024,
            "monitoring": false,
            "name": "web-1",
            "price_hourly": 0.00744,
            "price_monthly": 5,
            "private_networking": true,
            "region": "nyc1",
            "resize_disk": true,
            "size": "s-1vcpu-1gb",
            "ssh_keys": [
              "2a:e6:aa:f8:ef:ea:78:29:fa:5b:2f:9c:74:ae:30:a5"
            ],
            "status": "active",
            "tags": null,
            "urn": "do:droplet:233191943",
            "user_data": null,
            "vcpus": 1,
            "volume_ids": [],
            "vpc_uuid": "caf33c7e-6a01-4533-b42c-c02c717c536f"
          },
          "sensitive_attributes": [],
          "private": "eyJzY2hlbWFfdmVyc2lvbiI6IjEifQ==",
          "dependencies": [
            "digitalocean_ssh_key.acesso"
          ]
        }
      ]
    },
    {
      "mode": "managed",
      "type": "digitalocean_ssh_key",
      "name": "acesso",
      "provider": "provider[\"registry.terraform.io/terraform-providers/digitalocean\"]",
      "instances": [
        {
          "schema_version": 0,
          "attributes": {
            "fingerprint": "2a:e6:aa:f8:ef:ea:78:29:fa:5b:2f:9c:74:ae:30:a5",
            "id": "29670408",
            "name": "SSH",
            "public_key": "ssh-rsa AAAAB3NzaC1yc2EAAAADAQABAAACAQCzruV1ch7oGu5sCv4n6p4zjcEE1Ndcvh8HvWWeZmy9Bt1c+1Xq0a05IxjeRzoWNC6bLWaQfcspuNIWE58W4lh956I7K+8TyD8KJuOcCpRc79LRwUHTqNmi23FA3vgLS4H4FcbFEqBeOuBACraYT9biIk2cw7WW6Yj1PWIzkVGr9sWN6k/C40NFjjsmI6sSc4u61njO0ImphPVGunMRk07OhN/Py1ETb1E1aa+Q0Wn019JH+DwElMhn6IHkvVUgBc7B6z9Kc4uKAPJ15YBcPcs79D8mLwgii6xr0zK8NlEUyVbJcNlgiFyXOIgbnZifwT+KtkSSHkmUSGZUrVaOgxsT5CeHUyVLRzh/fqFlCINYTG0yRXn+bIVeI1IWtAJzO7K+NIqA6ukBbkXJQpXoleY/HhR64A3lqy018pq+knJFb6P1szKt9Opi/mbpfOiPH1p+eZMiZJJa9uAA+mKY0Kz7pTlkTJKM9yHqo/s3zPtAY34FLqyqB1iJ0WCKHxvuTmK3y0p0+fudPoU9CAWWO0DT/XKgLEiY0qwiCkL8186+vZ0/GelcXKoXUuaa6vpyteQS9eckl+SLxP1QmYbDYdVeiarF4dk7t/mKWK8u36fwt7exOYHLMxog67WTLNKKB5s+A2VF4uE3C4t7CV+xw2w05dovZ4sxu/k0vIva6ufVBw=="
          },
          "sensitive_attributes": [],
          "private": "bnVsbA=="
        }
      ]
    }
  ]
}
